// !$*UTF8*$!
{
	archiveVersion = 1;
	classes = {
	};
	objectVersion = 50;
	objects = {

/* Begin PBXBuildFile section */
		4FB72BBB209E827A00AD3FCB /* AppDelegate.swift in Sources */ = {isa = PBXBuildFile; fileRef = 4FB72BBA209E827A00AD3FCB /* AppDelegate.swift */; };
		4FB72BBD209E827A00AD3FCB /* ViewController.swift in Sources */ = {isa = PBXBuildFile; fileRef = 4FB72BBC209E827A00AD3FCB /* ViewController.swift */; };
		4FB72BC0209E827A00AD3FCB /* Main.storyboard in Resources */ = {isa = PBXBuildFile; fileRef = 4FB72BBE209E827A00AD3FCB /* Main.storyboard */; };
		4FB72BC3209E827A00AD3FCB /* MontrealApp.xcdatamodeld in Sources */ = {isa = PBXBuildFile; fileRef = 4FB72BC1209E827A00AD3FCB /* MontrealApp.xcdatamodeld */; };
		4FB72BC5209E827D00AD3FCB /* Assets.xcassets in Resources */ = {isa = PBXBuildFile; fileRef = 4FB72BC4209E827D00AD3FCB /* Assets.xcassets */; };
		4FB72BC8209E827D00AD3FCB /* LaunchScreen.storyboard in Resources */ = {isa = PBXBuildFile; fileRef = 4FB72BC6209E827D00AD3FCB /* LaunchScreen.storyboard */; };
		4FB72BDB209E84ED00AD3FCB /* heartoutline.png in Resources */ = {isa = PBXBuildFile; fileRef = 4FB72BCF209E84EB00AD3FCB /* heartoutline.png */; };
		4FB72BDC209E84ED00AD3FCB /* search.png in Resources */ = {isa = PBXBuildFile; fileRef = 4FB72BD0209E84EB00AD3FCB /* search.png */; };
		4FB72BDD209E84ED00AD3FCB /* favorite.png in Resources */ = {isa = PBXBuildFile; fileRef = 4FB72BD1209E84EB00AD3FCB /* favorite.png */; };
		4FB72BDE209E84ED00AD3FCB /* fav.png in Resources */ = {isa = PBXBuildFile; fileRef = 4FB72BD2209E84EB00AD3FCB /* fav.png */; };
		4FB72BDF209E84ED00AD3FCB /* back.png in Resources */ = {isa = PBXBuildFile; fileRef = 4FB72BD3209E84EB00AD3FCB /* back.png */; };
		4FB72BE0209E84ED00AD3FCB /* srch.png in Resources */ = {isa = PBXBuildFile; fileRef = 4FB72BD4209E84EB00AD3FCB /* srch.png */; };
		4FB72BE1209E84ED00AD3FCB /* pref.png in Resources */ = {isa = PBXBuildFile; fileRef = 4FB72BD5209E84EC00AD3FCB /* pref.png */; };
		4FB72BE2209E84ED00AD3FCB /* titre_montreal_yellow.png in Resources */ = {isa = PBXBuildFile; fileRef = 4FB72BD6209E84EC00AD3FCB /* titre_montreal_yellow.png */; };
		4FB72BE3209E84ED00AD3FCB /* heartfilled.png in Resources */ = {isa = PBXBuildFile; fileRef = 4FB72BD7209E84EC00AD3FCB /* heartfilled.png */; };
		4FB72BE4209E84ED00AD3FCB /* preference.png in Resources */ = {isa = PBXBuildFile; fileRef = 4FB72BD8209E84EC00AD3FCB /* preference.png */; };
		4FB72BE5209E84ED00AD3FCB /* background.jpg in Resources */ = {isa = PBXBuildFile; fileRef = 4FB72BD9209E84EC00AD3FCB /* background.jpg */; };
		4FB72BE6209E84ED00AD3FCB /* icon_city.jpg in Resources */ = {isa = PBXBuildFile; fileRef = 4FB72BDA209E84EC00AD3FCB /* icon_city.jpg */; };
		4FB72BE9209E890D00AD3FCB /* ApiManager.swift in Sources */ = {isa = PBXBuildFile; fileRef = 4FB72BE8209E890D00AD3FCB /* ApiManager.swift */; };
		4FB72BEB209E8C4000AD3FCB /* Landmark.swift in Sources */ = {isa = PBXBuildFile; fileRef = 4FB72BEA209E8C4000AD3FCB /* Landmark.swift */; };
		B563E71533287647C664FE21 /* Pods_MontrealApp.framework in Frameworks */ = {isa = PBXBuildFile; fileRef = 2884B81D8A3A4B249A5C8F50 /* Pods_MontrealApp.framework */; };
/* End PBXBuildFile section */

/* Begin PBXFileReference section */
		05C7E0D2F6F4506E4FD23591 /* Pods-MontrealApp.release.xcconfig */ = {isa = PBXFileReference; includeInIndex = 1; lastKnownFileType = text.xcconfig; name = "Pods-MontrealApp.release.xcconfig"; path = "Pods/Target Support Files/Pods-MontrealApp/Pods-MontrealApp.release.xcconfig"; sourceTree = "<group>"; };
		2884B81D8A3A4B249A5C8F50 /* Pods_MontrealApp.framework */ = {isa = PBXFileReference; explicitFileType = wrapper.framework; includeInIndex = 0; path = Pods_MontrealApp.framework; sourceTree = BUILT_PRODUCTS_DIR; };
		39C5580DBE0D601E3D8EF598 /* Pods-MontrealApp.debug.xcconfig */ = {isa = PBXFileReference; includeInIndex = 1; lastKnownFileType = text.xcconfig; name = "Pods-MontrealApp.debug.xcconfig"; path = "Pods/Target Support Files/Pods-MontrealApp/Pods-MontrealApp.debug.xcconfig"; sourceTree = "<group>"; };
		4FB72BB7209E827A00AD3FCB /* MontrealApp.app */ = {isa = PBXFileReference; explicitFileType = wrapper.application; includeInIndex = 0; path = MontrealApp.app; sourceTree = BUILT_PRODUCTS_DIR; };
		4FB72BBA209E827A00AD3FCB /* AppDelegate.swift */ = {isa = PBXFileReference; lastKnownFileType = sourcecode.swift; path = AppDelegate.swift; sourceTree = "<group>"; };
		4FB72BBC209E827A00AD3FCB /* ViewController.swift */ = {isa = PBXFileReference; lastKnownFileType = sourcecode.swift; path = ViewController.swift; sourceTree = "<group>"; };
		4FB72BBF209E827A00AD3FCB /* Base */ = {isa = PBXFileReference; lastKnownFileType = file.storyboard; name = Base; path = Base.lproj/Main.storyboard; sourceTree = "<group>"; };
		4FB72BC2209E827A00AD3FCB /* MontrealApp.xcdatamodel */ = {isa = PBXFileReference; lastKnownFileType = wrapper.xcdatamodel; path = MontrealApp.xcdatamodel; sourceTree = "<group>"; };
		4FB72BC4209E827D00AD3FCB /* Assets.xcassets */ = {isa = PBXFileReference; lastKnownFileType = folder.assetcatalog; path = Assets.xcassets; sourceTree = "<group>"; };
		4FB72BC7209E827D00AD3FCB /* Base */ = {isa = PBXFileReference; lastKnownFileType = file.storyboard; name = Base; path = Base.lproj/LaunchScreen.storyboard; sourceTree = "<group>"; };
		4FB72BC9209E827D00AD3FCB /* Info.plist */ = {isa = PBXFileReference; lastKnownFileType = text.plist.xml; path = Info.plist; sourceTree = "<group>"; };
		4FB72BCF209E84EB00AD3FCB /* heartoutline.png */ = {isa = PBXFileReference; lastKnownFileType = image.png; path = heartoutline.png; sourceTree = "<group>"; };
		4FB72BD0209E84EB00AD3FCB /* search.png */ = {isa = PBXFileReference; lastKnownFileType = image.png; path = search.png; sourceTree = "<group>"; };
		4FB72BD1209E84EB00AD3FCB /* favorite.png */ = {isa = PBXFileReference; lastKnownFileType = image.png; path = favorite.png; sourceTree = "<group>"; };
		4FB72BD2209E84EB00AD3FCB /* fav.png */ = {isa = PBXFileReference; lastKnownFileType = image.png; path = fav.png; sourceTree = "<group>"; };
		4FB72BD3209E84EB00AD3FCB /* back.png */ = {isa = PBXFileReference; lastKnownFileType = image.png; path = back.png; sourceTree = "<group>"; };
		4FB72BD4209E84EB00AD3FCB /* srch.png */ = {isa = PBXFileReference; lastKnownFileType = image.png; path = srch.png; sourceTree = "<group>"; };
		4FB72BD5209E84EC00AD3FCB /* pref.png */ = {isa = PBXFileReference; lastKnownFileType = image.png; path = pref.png; sourceTree = "<group>"; };
		4FB72BD6209E84EC00AD3FCB /* titre_montreal_yellow.png */ = {isa = PBXFileReference; lastKnownFileType = image.png; path = titre_montreal_yellow.png; sourceTree = "<group>"; };
		4FB72BD7209E84EC00AD3FCB /* heartfilled.png */ = {isa = PBXFileReference; lastKnownFileType = image.png; path = heartfilled.png; sourceTree = "<group>"; };
		4FB72BD8209E84EC00AD3FCB /* preference.png */ = {isa = PBXFileReference; lastKnownFileType = image.png; path = preference.png; sourceTree = "<group>"; };
		4FB72BD9209E84EC00AD3FCB /* background.jpg */ = {isa = PBXFileReference; lastKnownFileType = image.jpeg; path = background.jpg; sourceTree = "<group>"; };
		4FB72BDA209E84EC00AD3FCB /* icon_city.jpg */ = {isa = PBXFileReference; lastKnownFileType = image.jpeg; path = icon_city.jpg; sourceTree = "<group>"; };
		4FB72BE8209E890D00AD3FCB /* ApiManager.swift */ = {isa = PBXFileReference; lastKnownFileType = sourcecode.swift; path = ApiManager.swift; sourceTree = "<group>"; };
		4FB72BEA209E8C4000AD3FCB /* Landmark.swift */ = {isa = PBXFileReference; lastKnownFileType = sourcecode.swift; path = Landmark.swift; sourceTree = "<group>"; };
/* End PBXFileReference section */

/* Begin PBXFrameworksBuildPhase section */
		4FB72BB4209E827A00AD3FCB /* Frameworks */ = {
			isa = PBXFrameworksBuildPhase;
			buildActionMask = 2147483647;
			files = (
				B563E71533287647C664FE21 /* Pods_MontrealApp.framework in Frameworks */,
			);
			runOnlyForDeploymentPostprocessing = 0;
		};
/* End PBXFrameworksBuildPhase section */

/* Begin PBXGroup section */
		4319E6A381FC20F5B565E73E /* Pods */ = {
			isa = PBXGroup;
			children = (
				39C5580DBE0D601E3D8EF598 /* Pods-MontrealApp.debug.xcconfig */,
				05C7E0D2F6F4506E4FD23591 /* Pods-MontrealApp.release.xcconfig */,
			);
			name = Pods;
			sourceTree = "<group>";
		};
		4439AC7FD7B71DC268C51292 /* Frameworks */ = {
			isa = PBXGroup;
			children = (
				2884B81D8A3A4B249A5C8F50 /* Pods_MontrealApp.framework */,
			);
			name = Frameworks;
			sourceTree = "<group>";
		};
		4FB72BAE209E827A00AD3FCB = {
			isa = PBXGroup;
			children = (
				4FB72BB9209E827A00AD3FCB /* MontrealApp */,
				4FB72BB8209E827A00AD3FCB /* Products */,
				4319E6A381FC20F5B565E73E /* Pods */,
				4439AC7FD7B71DC268C51292 /* Frameworks */,
			);
			sourceTree = "<group>";
		};
		4FB72BB8209E827A00AD3FCB /* Products */ = {
			isa = PBXGroup;
			children = (
				4FB72BB7209E827A00AD3FCB /* MontrealApp.app */,
			);
			name = Products;
			sourceTree = "<group>";
		};
		4FB72BB9209E827A00AD3FCB /* MontrealApp */ = {
			isa = PBXGroup;
			children = (
				4FB72BE7209E84F800AD3FCB /* Images */,
				4FB72BBA209E827A00AD3FCB /* AppDelegate.swift */,
				4FB72BBC209E827A00AD3FCB /* ViewController.swift */,
				4FB72BE8209E890D00AD3FCB /* ApiManager.swift */,
				4FB72BEA209E8C4000AD3FCB /* Landmark.swift */,
				4FB72BBE209E827A00AD3FCB /* Main.storyboard */,
				4FB72BC4209E827D00AD3FCB /* Assets.xcassets */,
				4FB72BC6209E827D00AD3FCB /* LaunchScreen.storyboard */,
				4FB72BC9209E827D00AD3FCB /* Info.plist */,
				4FB72BC1209E827A00AD3FCB /* MontrealApp.xcdatamodeld */,
			);
			path = MontrealApp;
			sourceTree = "<group>";
		};
		4FB72BE7209E84F800AD3FCB /* Images */ = {
			isa = PBXGroup;
			children = (
				4FB72BD3209E84EB00AD3FCB /* back.png */,
				4FB72BD9209E84EC00AD3FCB /* background.jpg */,
				4FB72BD2209E84EB00AD3FCB /* fav.png */,
				4FB72BD1209E84EB00AD3FCB /* favorite.png */,
				4FB72BD7209E84EC00AD3FCB /* heartfilled.png */,
				4FB72BCF209E84EB00AD3FCB /* heartoutline.png */,
				4FB72BDA209E84EC00AD3FCB /* icon_city.jpg */,
				4FB72BD5209E84EC00AD3FCB /* pref.png */,
				4FB72BD8209E84EC00AD3FCB /* preference.png */,
				4FB72BD0209E84EB00AD3FCB /* search.png */,
				4FB72BD4209E84EB00AD3FCB /* srch.png */,
				4FB72BD6209E84EC00AD3FCB /* titre_montreal_yellow.png */,
			);
			path = Images;
			sourceTree = "<group>";
		};
/* End PBXGroup section */

/* Begin PBXNativeTarget section */
		4FB72BB6209E827A00AD3FCB /* MontrealApp */ = {
			isa = PBXNativeTarget;
			buildConfigurationList = 4FB72BCC209E827D00AD3FCB /* Build configuration list for PBXNativeTarget "MontrealApp" */;
			buildPhases = (
				C87BC6EC247C1EE41BA8D649 /* [CP] Check Pods Manifest.lock */,
				4FB72BB3209E827A00AD3FCB /* Sources */,
				4FB72BB4209E827A00AD3FCB /* Frameworks */,
				4FB72BB5209E827A00AD3FCB /* Resources */,
				68BF16D2FF299A9E0BBB952D /* [CP] Embed Pods Frameworks */,
			);
			buildRules = (
			);
			dependencies = (
			);
			name = MontrealApp;
			productName = MontrealApp;
			productReference = 4FB72BB7209E827A00AD3FCB /* MontrealApp.app */;
			productType = "com.apple.product-type.application";
		};
/* End PBXNativeTarget section */

/* Begin PBXProject section */
		4FB72BAF209E827A00AD3FCB /* Project object */ = {
			isa = PBXProject;
			attributes = {
				LastSwiftUpdateCheck = 0930;
				LastUpgradeCheck = 0930;
				ORGANIZATIONNAME = "Louis-Simon Poulin";
				TargetAttributes = {
					4FB72BB6209E827A00AD3FCB = {
						CreatedOnToolsVersion = 9.3;
					};
				};
			};
			buildConfigurationList = 4FB72BB2209E827A00AD3FCB /* Build configuration list for PBXProject "MontrealApp" */;
			compatibilityVersion = "Xcode 9.3";
			developmentRegion = en;
			hasScannedForEncodings = 0;
			knownRegions = (
				en,
				Base,
			);
			mainGroup = 4FB72BAE209E827A00AD3FCB;
			productRefGroup = 4FB72BB8209E827A00AD3FCB /* Products */;
			projectDirPath = "";
			projectRoot = "";
			targets = (
				4FB72BB6209E827A00AD3FCB /* MontrealApp */,
			);
		};
/* End PBXProject section */

/* Begin PBXResourcesBuildPhase section */
		4FB72BB5209E827A00AD3FCB /* Resources */ = {
			isa = PBXResourcesBuildPhase;
			buildActionMask = 2147483647;
			files = (
				4FB72BDC209E84ED00AD3FCB /* search.png in Resources */,
				4FB72BDD209E84ED00AD3FCB /* favorite.png in Resources */,
				4FB72BE0209E84ED00AD3FCB /* srch.png in Resources */,
				4FB72BC8209E827D00AD3FCB /* LaunchScreen.storyboard in Resources */,
				4FB72BC5209E827D00AD3FCB /* Assets.xcassets in Resources */,
				4FB72BDF209E84ED00AD3FCB /* back.png in Resources */,
				4FB72BE3209E84ED00AD3FCB /* heartfilled.png in Resources */,
				4FB72BE1209E84ED00AD3FCB /* pref.png in Resources */,
				4FB72BE4209E84ED00AD3FCB /* preference.png in Resources */,
				4FB72BE5209E84ED00AD3FCB /* background.jpg in Resources */,
				4FB72BC0209E827A00AD3FCB /* Main.storyboard in Resources */,
				4FB72BDE209E84ED00AD3FCB /* fav.png in Resources */,
				4FB72BDB209E84ED00AD3FCB /* heartoutline.png in Resources */,
				4FB72BE2209E84ED00AD3FCB /* titre_montreal_yellow.png in Resources */,
				4FB72BE6209E84ED00AD3FCB /* icon_city.jpg in Resources */,
			);
			runOnlyForDeploymentPostprocessing = 0;
		};
/* End PBXResourcesBuildPhase section */

/* Begin PBXShellScriptBuildPhase section */
		68BF16D2FF299A9E0BBB952D /* [CP] Embed Pods Frameworks */ = {
			isa = PBXShellScriptBuildPhase;
			buildActionMask = 2147483647;
			files = (
			);
			inputPaths = (
				"${SRCROOT}/Pods/Target Support Files/Pods-MontrealApp/Pods-MontrealApp-frameworks.sh",
				"${BUILT_PRODUCTS_DIR}/Alamofire/Alamofire.framework",
				"${BUILT_PRODUCTS_DIR}/ObjectMapper/ObjectMapper.framework",
			);
			name = "[CP] Embed Pods Frameworks";
			outputPaths = (
				"${TARGET_BUILD_DIR}/${FRAMEWORKS_FOLDER_PATH}/Alamofire.framework",
				"${TARGET_BUILD_DIR}/${FRAMEWORKS_FOLDER_PATH}/ObjectMapper.framework",
			);
			runOnlyForDeploymentPostprocessing = 0;
			shellPath = /bin/sh;
			shellScript = "\"${SRCROOT}/Pods/Target Support Files/Pods-MontrealApp/Pods-MontrealApp-frameworks.sh\"\n";
			showEnvVarsInLog = 0;
		};
		C87BC6EC247C1EE41BA8D649 /* [CP] Check Pods Manifest.lock */ = {
			isa = PBXShellScriptBuildPhase;
			buildActionMask = 2147483647;
			files = (
			);
			inputPaths = (
				"${PODS_PODFILE_DIR_PATH}/Podfile.lock",
				"${PODS_ROOT}/Manifest.lock",
			);
			name = "[CP] Check Pods Manifest.lock";
			outputPaths = (
				"$(DERIVED_FILE_DIR)/Pods-MontrealApp-checkManifestLockResult.txt",
			);
			runOnlyForDeploymentPostprocessing = 0;
			shellPath = /bin/sh;
			shellScript = "diff \"${PODS_PODFILE_DIR_PATH}/Podfile.lock\" \"${PODS_ROOT}/Manifest.lock\" > /dev/null\nif [ $? != 0 ] ; then\n    # print error to STDERR\n    echo \"error: The sandbox is not in sync with the Podfile.lock. Run 'pod install' or update your CocoaPods installation.\" >&2\n    exit 1\nfi\n# This output is used by Xcode 'outputs' to avoid re-running this script phase.\necho \"SUCCESS\" > \"${SCRIPT_OUTPUT_FILE_0}\"\n";
			showEnvVarsInLog = 0;
		};
/* End PBXShellScriptBuildPhase section */

/* Begin PBXSourcesBuildPhase section */
		4FB72BB3209E827A00AD3FCB /* Sources */ = {
			isa = PBXSourcesBuildPhase;
			buildActionMask = 2147483647;
			files = (
				4FB72BE9209E890D00AD3FCB /* ApiManager.swift in Sources */,
				4FB72BBD209E827A00AD3FCB /* ViewController.swift in Sources */,
				4FB72BBB209E827A00AD3FCB /* AppDelegate.swift in Sources */,
				4FB72BC3209E827A00AD3FCB /* MontrealApp.xcdatamodeld in Sources */,
				4FB72BEB209E8C4000AD3FCB /* Landmark.swift in Sources */,
			);
			runOnlyForDeploymentPostprocessing = 0;
		};
/* End PBXSourcesBuildPhase section */

/* Begin PBXVariantGroup section */
		4FB72BBE209E827A00AD3FCB /* Main.storyboard */ = {
			isa = PBXVariantGroup;
			children = (
				4FB72BBF209E827A00AD3FCB /* Base */,
			);
			name = Main.storyboard;
			sourceTree = "<group>";
		};
		4FB72BC6209E827D00AD3FCB /* LaunchScreen.storyboard */ = {
			isa = PBXVariantGroup;
			children = (
				4FB72BC7209E827D00AD3FCB /* Base */,
			);
			name = LaunchScreen.storyboard;
			sourceTree = "<group>";
		};
/* End PBXVariantGroup section */

/* Begin XCBuildConfiguration section */
		4FB72BCA209E827D00AD3FCB /* Debug */ = {
			isa = XCBuildConfiguration;
			buildSettings = {
				ALWAYS_SEARCH_USER_PATHS = NO;
				CLANG_ANALYZER_NONNULL = YES;
				CLANG_ANALYZER_NUMBER_OBJECT_CONVERSION = YES_AGGRESSIVE;
				CLANG_CXX_LANGUAGE_STANDARD = "gnu++14";
				CLANG_CXX_LIBRARY = "libc++";
				CLANG_ENABLE_MODULES = YES;
				CLANG_ENABLE_OBJC_ARC = YES;
				CLANG_ENABLE_OBJC_WEAK = YES;
				CLANG_WARN_BLOCK_CAPTURE_AUTORELEASING = YES;
				CLANG_WARN_BOOL_CONVERSION = YES;
				CLANG_WARN_COMMA = YES;
				CLANG_WARN_CONSTANT_CONVERSION = YES;
				CLANG_WARN_DEPRECATED_OBJC_IMPLEMENTATIONS = YES;
				CLANG_WARN_DIRECT_OBJC_ISA_USAGE = YES_ERROR;
				CLANG_WARN_DOCUMENTATION_COMMENTS = YES;
				CLANG_WARN_EMPTY_BODY = YES;
				CLANG_WARN_ENUM_CONVERSION = YES;
				CLANG_WARN_INFINITE_RECURSION = YES;
				CLANG_WARN_INT_CONVERSION = YES;
				CLANG_WARN_NON_LITERAL_NULL_CONVERSION = YES;
				CLANG_WARN_OBJC_IMPLICIT_RETAIN_SELF = YES;
				CLANG_WARN_OBJC_LITERAL_CONVERSION = YES;
				CLANG_WARN_OBJC_ROOT_CLASS = YES_ERROR;
				CLANG_WARN_RANGE_LOOP_ANALYSIS = YES;
				CLANG_WARN_STRICT_PROTOTYPES = YES;
				CLANG_WARN_SUSPICIOUS_MOVE = YES;
				CLANG_WARN_UNGUARDED_AVAILABILITY = YES_AGGRESSIVE;
				CLANG_WARN_UNREACHABLE_CODE = YES;
				CLANG_WARN__DUPLICATE_METHOD_MATCH = YES;
				CODE_SIGN_IDENTITY = "iPhone Developer";
				COPY_PHASE_STRIP = NO;
				DEBUG_INFORMATION_FORMAT = dwarf;
				ENABLE_STRICT_OBJC_MSGSEND = YES;
				ENABLE_TESTABILITY = YES;
				GCC_C_LANGUAGE_STANDARD = gnu11;
				GCC_DYNAMIC_NO_PIC = NO;
				GCC_NO_COMMON_BLOCKS = YES;
				GCC_OPTIMIZATION_LEVEL = 0;
				GCC_PREPROCESSOR_DEFINITIONS = (
					"DEBUG=1",
					"$(inherited)",
				);
				GCC_WARN_64_TO_32_BIT_CONVERSION = YES;
				GCC_WARN_ABOUT_RETURN_TYPE = YES_ERROR;
				GCC_WARN_UNDECLARED_SELECTOR = YES;
				GCC_WARN_UNINITIALIZED_AUTOS = YES_AGGRESSIVE;
				GCC_WARN_UNUSED_FUNCTION = YES;
				GCC_WARN_UNUSED_VARIABLE = YES;
				IPHONEOS_DEPLOYMENT_TARGET = 11.3;
				MTL_ENABLE_DEBUG_INFO = YES;
				ONLY_ACTIVE_ARCH = YES;
				SDKROOT = iphoneos;
				SWIFT_ACTIVE_COMPILATION_CONDITIONS = DEBUG;
				SWIFT_OPTIMIZATION_LEVEL = "-Onone";
			};
			name = Debug;
		};
		4FB72BCB209E827D00AD3FCB /* Release */ = {
			isa = XCBuildConfiguration;
			buildSettings = {
				ALWAYS_SEARCH_USER_PATHS = NO;
				CLANG_ANALYZER_NONNULL = YES;
				CLANG_ANALYZER_NUMBER_OBJECT_CONVERSION = YES_AGGRESSIVE;
				CLANG_CXX_LANGUAGE_STANDARD = "gnu++14";
				CLANG_CXX_LIBRARY = "libc++";
				CLANG_ENABLE_MODULES = YES;
				CLANG_ENABLE_OBJC_ARC = YES;
				CLANG_ENABLE_OBJC_WEAK = YES;
				CLANG_WARN_BLOCK_CAPTURE_AUTORELEASING = YES;
				CLANG_WARN_BOOL_CONVERSION = YES;
				CLANG_WARN_COMMA = YES;
				CLANG_WARN_CONSTANT_CONVERSION = YES;
				CLANG_WARN_DEPRECATED_OBJC_IMPLEMENTATIONS = YES;
				CLANG_WARN_DIRECT_OBJC_ISA_USAGE = YES_ERROR;
				CLANG_WARN_DOCUMENTATION_COMMENTS = YES;
				CLANG_WARN_EMPTY_BODY = YES;
				CLANG_WARN_ENUM_CONVERSION = YES;
				CLANG_WARN_INFINITE_RECURSION = YES;
				CLANG_WARN_INT_CONVERSION = YES;
				CLANG_WARN_NON_LITERAL_NULL_CONVERSION = YES;
				CLANG_WARN_OBJC_IMPLICIT_RETAIN_SELF = YES;
				CLANG_WARN_OBJC_LITERAL_CONVERSION = YES;
				CLANG_WARN_OBJC_ROOT_CLASS = YES_ERROR;
				CLANG_WARN_RANGE_LOOP_ANALYSIS = YES;
				CLANG_WARN_STRICT_PROTOTYPES = YES;
				CLANG_WARN_SUSPICIOUS_MOVE = YES;
				CLANG_WARN_UNGUARDED_AVAILABILITY = YES_AGGRESSIVE;
				CLANG_WARN_UNREACHABLE_CODE = YES;
				CLANG_WARN__DUPLICATE_METHOD_MATCH = YES;
				CODE_SIGN_IDENTITY = "iPhone Developer";
				COPY_PHASE_STRIP = NO;
				DEBUG_INFORMATION_FORMAT = "dwarf-with-dsym";
				ENABLE_NS_ASSERTIONS = NO;
				ENABLE_STRICT_OBJC_MSGSEND = YES;
				GCC_C_LANGUAGE_STANDARD = gnu11;
				GCC_NO_COMMON_BLOCKS = YES;
				GCC_WARN_64_TO_32_BIT_CONVERSION = YES;
				GCC_WARN_ABOUT_RETURN_TYPE = YES_ERROR;
				GCC_WARN_UNDECLARED_SELECTOR = YES;
				GCC_WARN_UNINITIALIZED_AUTOS = YES_AGGRESSIVE;
				GCC_WARN_UNUSED_FUNCTION = YES;
				GCC_WARN_UNUSED_VARIABLE = YES;
				IPHONEOS_DEPLOYMENT_TARGET = 11.3;
				MTL_ENABLE_DEBUG_INFO = NO;
				SDKROOT = iphoneos;
				SWIFT_COMPILATION_MODE = wholemodule;
				SWIFT_OPTIMIZATION_LEVEL = "-O";
				VALIDATE_PRODUCT = YES;
			};
			name = Release;
		};
		4FB72BCD209E827D00AD3FCB /* Debug */ = {
			isa = XCBuildConfiguration;
			baseConfigurationReference = 39C5580DBE0D601E3D8EF598 /* Pods-MontrealApp.debug.xcconfig */;
			buildSettings = {
				ASSETCATALOG_COMPILER_APPICON_NAME = AppIcon;
				ASSETCATALOG_COMPILER_LAUNCHIMAGE_NAME = LaunchImage;
				CODE_SIGN_STYLE = Automatic;
				DEVELOPMENT_TEAM = 5V2CQ8ZSEH;
				INFOPLIST_FILE = MontrealApp/Info.plist;
				LD_RUNPATH_SEARCH_PATHS = (
					"$(inherited)",
					"@executable_path/Frameworks",
				);
				PRODUCT_BUNDLE_IDENTIFIER = ca.qc.collegeahuntsic.MontrealApp;
				PRODUCT_NAME = "$(TARGET_NAME)";
				SWIFT_VERSION = 4.0;
				TARGETED_DEVICE_FAMILY = "1,2";
			};
			name = Debug;
		};
		4FB72BCE209E827D00AD3FCB /* Release */ = {
			isa = XCBuildConfiguration;
			baseConfigurationReference = 05C7E0D2F6F4506E4FD23591 /* Pods-MontrealApp.release.xcconfig */;
			buildSettings = {
				ASSETCATALOG_COMPILER_APPICON_NAME = AppIcon;
				ASSETCATALOG_COMPILER_LAUNCHIMAGE_NAME = LaunchImage;
				CODE_SIGN_STYLE = Automatic;
				DEVELOPMENT_TEAM = 5V2CQ8ZSEH;
				GCC_PREPROCESSOR_DEFINITIONS = (
					"NSLog(...)=",
					"printf(...)=",
				);
				INFOPLIST_FILE = MontrealApp/Info.plist;
				LD_RUNPATH_SEARCH_PATHS = (
					"$(inherited)",
					"@executable_path/Frameworks",
				);
				PRODUCT_BUNDLE_IDENTIFIER = ca.qc.collegeahuntsic.MontrealApp;
				PRODUCT_NAME = "$(TARGET_NAME)";
				SWIFT_VERSION = 4.0;
				TARGETED_DEVICE_FAMILY = "1,2";
			};
			name = Release;
		};
/* End XCBuildConfiguration section */

/* Begin XCConfigurationList section */
		4FB72BB2209E827A00AD3FCB /* Build configuration list for PBXProject "MontrealApp" */ = {
			isa = XCConfigurationList;
			buildConfigurations = (
				4FB72BCA209E827D00AD3FCB /* Debug */,
				4FB72BCB209E827D00AD3FCB /* Release */,
			);
			defaultConfigurationIsVisible = 0;
			defaultConfigurationName = Release;
		};
		4FB72BCC209E827D00AD3FCB /* Build configuration list for PBXNativeTarget "MontrealApp" */ = {
			isa = XCConfigurationList;
			buildConfigurations = (
				4FB72BCD209E827D00AD3FCB /* Debug */,
				4FB72BCE209E827D00AD3FCB /* Release */,
			);
			defaultConfigurationIsVisible = 0;
			defaultConfigurationName = Release;
		};
/* End XCConfigurationList section */

/* Begin XCVersionGroup section */
		4FB72BC1209E827A00AD3FCB /* MontrealApp.xcdatamodeld */ = {
			isa = XCVersionGroup;
			children = (
				4FB72BC2209E827A00AD3FCB /* MontrealApp.xcdatamodel */,
			);
			currentVersion = 4FB72BC2209E827A00AD3FCB /* MontrealApp.xcdatamodel */;
			path = MontrealApp.xcdatamodeld;
			sourceTree = "<group>";
			versionGroupType = wrapper.xcdatamodel;
		};
/* End XCVersionGroup section */
	};
	rootObject = 4FB72BAF209E827A00AD3FCB /* Project object */;
}
